// !$*UTF8*$!
{
	archiveVersion = 1;
	classes = {
	};
	objectVersion = 46;
	objects = {

/* Begin PBXBuildFile section */
		42D092ED19707AF9004760BE /* Foundation.framework in Frameworks */ = {isa = PBXBuildFile; fileRef = 42D092EC19707AF9004760BE /* Foundation.framework */; };
		42D092EF19707AF9004760BE /* CoreGraphics.framework in Frameworks */ = {isa = PBXBuildFile; fileRef = 42D092EE19707AF9004760BE /* CoreGraphics.framework */; };
		42D092F119707AF9004760BE /* UIKit.framework in Frameworks */ = {isa = PBXBuildFile; fileRef = 42D092F019707AF9004760BE /* UIKit.framework */; };
		42D092F719707AF9004760BE /* InfoPlist.strings in Resources */ = {isa = PBXBuildFile; fileRef = 42D092F519707AF9004760BE /* InfoPlist.strings */; };
		42D092F919707AF9004760BE /* main.m in Sources */ = {isa = PBXBuildFile; fileRef = 42D092F819707AF9004760BE /* main.m */; };
		42D092FD19707AF9004760BE /* NTJAppDelegate.m in Sources */ = {isa = PBXBuildFile; fileRef = 42D092FC19707AF9004760BE /* NTJAppDelegate.m */; };
		42D0930019707AF9004760BE /* Main.storyboard in Resources */ = {isa = PBXBuildFile; fileRef = 42D092FE19707AF9004760BE /* Main.storyboard */; };
		42D0930319707AF9004760BE /* NTJMasterViewController.m in Sources */ = {isa = PBXBuildFile; fileRef = 42D0930219707AF9004760BE /* NTJMasterViewController.m */; };
		42D0930619707AF9004760BE /* NTJDetailViewController.m in Sources */ = {isa = PBXBuildFile; fileRef = 42D0930519707AF9004760BE /* NTJDetailViewController.m */; };
		42D0930819707AF9004760BE /* Images.xcassets in Resources */ = {isa = PBXBuildFile; fileRef = 42D0930719707AF9004760BE /* Images.xcassets */; };
		42D0930F19707AF9004760BE /* XCTest.framework in Frameworks */ = {isa = PBXBuildFile; fileRef = 42D0930E19707AF9004760BE /* XCTest.framework */; };
		42D0931019707AF9004760BE /* Foundation.framework in Frameworks */ = {isa = PBXBuildFile; fileRef = 42D092EC19707AF9004760BE /* Foundation.framework */; };
		42D0931119707AF9004760BE /* UIKit.framework in Frameworks */ = {isa = PBXBuildFile; fileRef = 42D092F019707AF9004760BE /* UIKit.framework */; };
		42D0931919707AF9004760BE /* InfoPlist.strings in Resources */ = {isa = PBXBuildFile; fileRef = 42D0931719707AF9004760BE /* InfoPlist.strings */; };
		42D0931B19707AF9004760BE /* ReactiveMVVMExperimentTests.m in Sources */ = {isa = PBXBuildFile; fileRef = 42D0931A19707AF9004760BE /* ReactiveMVVMExperimentTests.m */; };
/* End PBXBuildFile section */

/* Begin PBXContainerItemProxy section */
		42D0931219707AF9004760BE /* PBXContainerItemProxy */ = {
			isa = PBXContainerItemProxy;
			containerPortal = 42D092E119707AF9004760BE /* Project object */;
			proxyType = 1;
			remoteGlobalIDString = 42D092E819707AF9004760BE;
			remoteInfo = ReactiveMVVMExperiment;
		};
/* End PBXContainerItemProxy section */

/* Begin PBXFileReference section */
		42D092E919707AF9004760BE /* ReactiveMVVMExperiment.app */ = {isa = PBXFileReference; explicitFileType = wrapper.application; includeInIndex = 0; path = ReactiveMVVMExperiment.app; sourceTree = BUILT_PRODUCTS_DIR; };
		42D092EC19707AF9004760BE /* Foundation.framework */ = {isa = PBXFileReference; lastKnownFileType = wrapper.framework; name = Foundation.framework; path = System/Library/Frameworks/Foundation.framework; sourceTree = SDKROOT; };
		42D092EE19707AF9004760BE /* CoreGraphics.framework */ = {isa = PBXFileReference; lastKnownFileType = wrapper.framework; name = CoreGraphics.framework; path = System/Library/Frameworks/CoreGraphics.framework; sourceTree = SDKROOT; };
		42D092F019707AF9004760BE /* UIKit.framework */ = {isa = PBXFileReference; lastKnownFileType = wrapper.framework; name = UIKit.framework; path = System/Library/Frameworks/UIKit.framework; sourceTree = SDKROOT; };
		42D092F419707AF9004760BE /* ReactiveMVVMExperiment-Info.plist */ = {isa = PBXFileReference; lastKnownFileType = text.plist.xml; path = "ReactiveMVVMExperiment-Info.plist"; sourceTree = "<group>"; };
		42D092F619707AF9004760BE /* en */ = {isa = PBXFileReference; lastKnownFileType = text.plist.strings; name = en; path = en.lproj/InfoPlist.strings; sourceTree = "<group>"; };
		42D092F819707AF9004760BE /* main.m */ = {isa = PBXFileReference; lastKnownFileType = sourcecode.c.objc; path = main.m; sourceTree = "<group>"; };
		42D092FA19707AF9004760BE /* ReactiveMVVMExperiment-Prefix.pch */ = {isa = PBXFileReference; lastKnownFileType = sourcecode.c.h; path = "ReactiveMVVMExperiment-Prefix.pch"; sourceTree = "<group>"; };
		42D092FB19707AF9004760BE /* NTJAppDelegate.h */ = {isa = PBXFileReference; lastKnownFileType = sourcecode.c.h; path = NTJAppDelegate.h; sourceTree = "<group>"; };
		42D092FC19707AF9004760BE /* NTJAppDelegate.m */ = {isa = PBXFileReference; lastKnownFileType = sourcecode.c.objc; path = NTJAppDelegate.m; sourceTree = "<group>"; };
		42D092FF19707AF9004760BE /* Base */ = {isa = PBXFileReference; lastKnownFileType = file.storyboard; name = Base; path = Base.lproj/Main.storyboard; sourceTree = "<group>"; };
		42D0930119707AF9004760BE /* NTJMasterViewController.h */ = {isa = PBXFileReference; lastKnownFileType = sourcecode.c.h; path = NTJMasterViewController.h; sourceTree = "<group>"; };
		42D0930219707AF9004760BE /* NTJMasterViewController.m */ = {isa = PBXFileReference; lastKnownFileType = sourcecode.c.objc; path = NTJMasterViewController.m; sourceTree = "<group>"; };
		42D0930419707AF9004760BE /* NTJDetailViewController.h */ = {isa = PBXFileReference; lastKnownFileType = sourcecode.c.h; path = NTJDetailViewController.h; sourceTree = "<group>"; };
		42D0930519707AF9004760BE /* NTJDetailViewController.m */ = {isa = PBXFileReference; lastKnownFileType = sourcecode.c.objc; path = NTJDetailViewController.m; sourceTree = "<group>"; };
		42D0930719707AF9004760BE /* Images.xcassets */ = {isa = PBXFileReference; lastKnownFileType = folder.assetcatalog; path = Images.xcassets; sourceTree = "<group>"; };
		42D0930D19707AF9004760BE /* ReactiveMVVMExperimentTests.xctest */ = {isa = PBXFileReference; explicitFileType = wrapper.cfbundle; includeInIndex = 0; path = ReactiveMVVMExperimentTests.xctest; sourceTree = BUILT_PRODUCTS_DIR; };
		42D0930E19707AF9004760BE /* XCTest.framework */ = {isa = PBXFileReference; lastKnownFileType = wrapper.framework; name = XCTest.framework; path = Library/Frameworks/XCTest.framework; sourceTree = DEVELOPER_DIR; };
		42D0931619707AF9004760BE /* ReactiveMVVMExperimentTests-Info.plist */ = {isa = PBXFileReference; lastKnownFileType = text.plist.xml; path = "ReactiveMVVMExperimentTests-Info.plist"; sourceTree = "<group>"; };
		42D0931819707AF9004760BE /* en */ = {isa = PBXFileReference; lastKnownFileType = text.plist.strings; name = en; path = en.lproj/InfoPlist.strings; sourceTree = "<group>"; };
		42D0931A19707AF9004760BE /* ReactiveMVVMExperimentTests.m */ = {isa = PBXFileReference; lastKnownFileType = sourcecode.c.objc; path = ReactiveMVVMExperimentTests.m; sourceTree = "<group>"; };
/* End PBXFileReference section */

/* Begin PBXFrameworksBuildPhase section */
		42D092E619707AF9004760BE /* Frameworks */ = {
			isa = PBXFrameworksBuildPhase;
			buildActionMask = 2147483647;
			files = (
				42D092EF19707AF9004760BE /* CoreGraphics.framework in Frameworks */,
				42D092F119707AF9004760BE /* UIKit.framework in Frameworks */,
				42D092ED19707AF9004760BE /* Foundation.framework in Frameworks */,
			);
			runOnlyForDeploymentPostprocessing = 0;
		};
		42D0930A19707AF9004760BE /* Frameworks */ = {
			isa = PBXFrameworksBuildPhase;
			buildActionMask = 2147483647;
			files = (
				42D0930F19707AF9004760BE /* XCTest.framework in Frameworks */,
				42D0931119707AF9004760BE /* UIKit.framework in Frameworks */,
				42D0931019707AF9004760BE /* Foundation.framework in Frameworks */,
			);
			runOnlyForDeploymentPostprocessing = 0;
		};
/* End PBXFrameworksBuildPhase section */

/* Begin PBXGroup section */
		42D092E019707AF9004760BE = {
			isa = PBXGroup;
			children = (
				42D092F219707AF9004760BE /* ReactiveMVVMExperiment */,
				42D0931419707AF9004760BE /* ReactiveMVVMExperimentTests */,
				42D092EB19707AF9004760BE /* Frameworks */,
				42D092EA19707AF9004760BE /* Products */,
			);
			sourceTree = "<group>";
		};
		42D092EA19707AF9004760BE /* Products */ = {
			isa = PBXGroup;
			children = (
				42D092E919707AF9004760BE /* ReactiveMVVMExperiment.app */,
				42D0930D19707AF9004760BE /* ReactiveMVVMExperimentTests.xctest */,
			);
			name = Products;
			sourceTree = "<group>";
		};
		42D092EB19707AF9004760BE /* Frameworks */ = {
			isa = PBXGroup;
			children = (
				42D092EC19707AF9004760BE /* Foundation.framework */,
				42D092EE19707AF9004760BE /* CoreGraphics.framework */,
				42D092F019707AF9004760BE /* UIKit.framework */,
				42D0930E19707AF9004760BE /* XCTest.framework */,
			);
			name = Frameworks;
			sourceTree = "<group>";
		};
		42D092F219707AF9004760BE /* ReactiveMVVMExperiment */ = {
			isa = PBXGroup;
			children = (
				42D092FB19707AF9004760BE /* NTJAppDelegate.h */,
				42D092FC19707AF9004760BE /* NTJAppDelegate.m */,
				42D092FE19707AF9004760BE /* Main.storyboard */,
				42D0930119707AF9004760BE /* NTJMasterViewController.h */,
				42D0930219707AF9004760BE /* NTJMasterViewController.m */,
				42D0930419707AF9004760BE /* NTJDetailViewController.h */,
				42D0930519707AF9004760BE /* NTJDetailViewController.m */,
				42D0930719707AF9004760BE /* Images.xcassets */,
				42D092F319707AF9004760BE /* Supporting Files */,
			);
			path = ReactiveMVVMExperiment;
			sourceTree = "<group>";
		};
		42D092F319707AF9004760BE /* Supporting Files */ = {
			isa = PBXGroup;
			children = (
				42D092F419707AF9004760BE /* ReactiveMVVMExperiment-Info.plist */,
				42D092F519707AF9004760BE /* InfoPlist.strings */,
				42D092F819707AF9004760BE /* main.m */,
				42D092FA19707AF9004760BE /* ReactiveMVVMExperiment-Prefix.pch */,
			);
			name = "Supporting Files";
			sourceTree = "<group>";
		};
		42D0931419707AF9004760BE /* ReactiveMVVMExperimentTests */ = {
			isa = PBXGroup;
			children = (
				42D0931A19707AF9004760BE /* ReactiveMVVMExperimentTests.m */,
				42D0931519707AF9004760BE /* Supporting Files */,
			);
			path = ReactiveMVVMExperimentTests;
			sourceTree = "<group>";
		};
		42D0931519707AF9004760BE /* Supporting Files */ = {
			isa = PBXGroup;
			children = (
				42D0931619707AF9004760BE /* ReactiveMVVMExperimentTests-Info.plist */,
				42D0931719707AF9004760BE /* InfoPlist.strings */,
			);
			name = "Supporting Files";
			sourceTree = "<group>";
		};
/* End PBXGroup section */

/* Begin PBXNativeTarget section */
		42D092E819707AF9004760BE /* ReactiveMVVMExperiment */ = {
			isa = PBXNativeTarget;
			buildConfigurationList = 42D0931E19707AF9004760BE /* Build configuration list for PBXNativeTarget "ReactiveMVVMExperiment" */;
			buildPhases = (
				42D092E519707AF9004760BE /* Sources */,
				42D092E619707AF9004760BE /* Frameworks */,
				42D092E719707AF9004760BE /* Resources */,
			);
			buildRules = (
			);
			dependencies = (
			);
			name = ReactiveMVVMExperiment;
			productName = ReactiveMVVMExperiment;
			productReference = 42D092E919707AF9004760BE /* ReactiveMVVMExperiment.app */;
			productType = "com.apple.product-type.application";
		};
		42D0930C19707AF9004760BE /* ReactiveMVVMExperimentTests */ = {
			isa = PBXNativeTarget;
			buildConfigurationList = 42D0932119707AF9004760BE /* Build configuration list for PBXNativeTarget "ReactiveMVVMExperimentTests" */;
			buildPhases = (
				42D0930919707AF9004760BE /* Sources */,
				42D0930A19707AF9004760BE /* Frameworks */,
				42D0930B19707AF9004760BE /* Resources */,
			);
			buildRules = (
			);
			dependencies = (
				42D0931319707AF9004760BE /* PBXTargetDependency */,
			);
			name = ReactiveMVVMExperimentTests;
			productName = ReactiveMVVMExperimentTests;
			productReference = 42D0930D19707AF9004760BE /* ReactiveMVVMExperimentTests.xctest */;
			productType = "com.apple.product-type.bundle.unit-test";
		};
/* End PBXNativeTarget section */

/* Begin PBXProject section */
		42D092E119707AF9004760BE /* Project object */ = {
			isa = PBXProject;
			attributes = {
				CLASSPREFIX = NTJ;
				LastUpgradeCheck = 0510;
				ORGANIZATIONNAME = "nojo inc";
				TargetAttributes = {
					42D0930C19707AF9004760BE = {
						TestTargetID = 42D092E819707AF9004760BE;
					};
				};
			};
			buildConfigurationList = 42D092E419707AF9004760BE /* Build configuration list for PBXProject "ReactiveMVVMExperiment" */;
			compatibilityVersion = "Xcode 3.2";
			developmentRegion = English;
			hasScannedForEncodings = 0;
			knownRegions = (
				en,
				Base,
			);
			mainGroup = 42D092E019707AF9004760BE;
			productRefGroup = 42D092EA19707AF9004760BE /* Products */;
			projectDirPath = "";
			projectRoot = "";
			targets = (
				42D092E819707AF9004760BE /* ReactiveMVVMExperiment */,
				42D0930C19707AF9004760BE /* ReactiveMVVMExperimentTests */,
			);
		};
/* End PBXProject section */

/* Begin PBXResourcesBuildPhase section */
		42D092E719707AF9004760BE /* Resources */ = {
			isa = PBXResourcesBuildPhase;
			buildActionMask = 2147483647;
			files = (
				42D0930819707AF9004760BE /* Images.xcassets in Resources */,
				42D092F719707AF9004760BE /* InfoPlist.strings in Resources */,
				42D0930019707AF9004760BE /* Main.storyboard in Resources */,
			);
			runOnlyForDeploymentPostprocessing = 0;
		};
		42D0930B19707AF9004760BE /* Resources */ = {
			isa = PBXResourcesBuildPhase;
			buildActionMask = 2147483647;
			files = (
				42D0931919707AF9004760BE /* InfoPlist.strings in Resources */,
			);
			runOnlyForDeploymentPostprocessing = 0;
		};
/* End PBXResourcesBuildPhase section */

/* Begin PBXSourcesBuildPhase section */
		42D092E519707AF9004760BE /* Sources */ = {
			isa = PBXSourcesBuildPhase;
			buildActionMask = 2147483647;
			files = (
				42D0930319707AF9004760BE /* NTJMasterViewController.m in Sources */,
				42D092F919707AF9004760BE /* main.m in Sources */,
				42D0930619707AF9004760BE /* NTJDetailViewController.m in Sources */,
				42D092FD19707AF9004760BE /* NTJAppDelegate.m in Sources */,
			);
			runOnlyForDeploymentPostprocessing = 0;
		};
		42D0930919707AF9004760BE /* Sources */ = {
			isa = PBXSourcesBuildPhase;
			buildActionMask = 2147483647;
			files = (
				42D0931B19707AF9004760BE /* ReactiveMVVMExperimentTests.m in Sources */,
			);
			runOnlyForDeploymentPostprocessing = 0;
		};
/* End PBXSourcesBuildPhase section */

/* Begin PBXTargetDependency section */
		42D0931319707AF9004760BE /* PBXTargetDependency */ = {
			isa = PBXTargetDependency;
			target = 42D092E819707AF9004760BE /* ReactiveMVVMExperiment */;
			targetProxy = 42D0931219707AF9004760BE /* PBXContainerItemProxy */;
		};
/* End PBXTargetDependency section */

/* Begin PBXVariantGroup section */
		42D092F519707AF9004760BE /* InfoPlist.strings */ = {
			isa = PBXVariantGroup;
			children = (
				42D092F619707AF9004760BE /* en */,
			);
			name = InfoPlist.strings;
			sourceTree = "<group>";
		};
		42D092FE19707AF9004760BE /* Main.storyboard */ = {
			isa = PBXVariantGroup;
			children = (
				42D092FF19707AF9004760BE /* Base */,
			);
			name = Main.storyboard;
			sourceTree = "<group>";
		};
		42D0931719707AF9004760BE /* InfoPlist.strings */ = {
			isa = PBXVariantGroup;
			children = (
				42D0931819707AF9004760BE /* en */,
			);
			name = InfoPlist.strings;
			sourceTree = "<group>";
		};
/* End PBXVariantGroup section */

/* Begin XCBuildConfiguration section */
		42D0931C19707AF9004760BE /* Debug */ = {
			isa = XCBuildConfiguration;
			buildSettings = {
				ALWAYS_SEARCH_USER_PATHS = NO;
				CLANG_CXX_LANGUAGE_STANDARD = "gnu++0x";
				CLANG_CXX_LIBRARY = "libc++";
				CLANG_ENABLE_MODULES = YES;
				CLANG_ENABLE_OBJC_ARC = YES;
				CLANG_WARN_BOOL_CONVERSION = YES;
				CLANG_WARN_CONSTANT_CONVERSION = YES;
				CLANG_WARN_DIRECT_OBJC_ISA_USAGE = YES_ERROR;
				CLANG_WARN_EMPTY_BODY = YES;
				CLANG_WARN_ENUM_CONVERSION = YES;
				CLANG_WARN_INT_CONVERSION = YES;
				CLANG_WARN_OBJC_ROOT_CLASS = YES_ERROR;
				CLANG_WARN__DUPLICATE_METHOD_MATCH = YES;
				"CODE_SIGN_IDENTITY[sdk=iphoneos*]" = "iPhone Developer";
				COPY_PHASE_STRIP = NO;
				GCC_C_LANGUAGE_STANDARD = gnu99;
				GCC_DYNAMIC_NO_PIC = NO;
				GCC_OPTIMIZATION_LEVEL = 0;
				GCC_PREPROCESSOR_DEFINITIONS = (
					"DEBUG=1",
					"$(inherited)",
				);
				GCC_SYMBOLS_PRIVATE_EXTERN = NO;
				GCC_WARN_64_TO_32_BIT_CONVERSION = YES;
				GCC_WARN_ABOUT_RETURN_TYPE = YES_ERROR;
				GCC_WARN_UNDECLARED_SELECTOR = YES;
				GCC_WARN_UNINITIALIZED_AUTOS = YES_AGGRESSIVE;
				GCC_WARN_UNUSED_FUNCTION = YES;
				GCC_WARN_UNUSED_VARIABLE = YES;
				IPHONEOS_DEPLOYMENT_TARGET = 7.1;
				ONLY_ACTIVE_ARCH = YES;
				SDKROOT = iphoneos;
			};
			name = Debug;
		};
		42D0931D19707AF9004760BE /* Release */ = {
			isa = XCBuildConfiguration;
			buildSettings = {
				ALWAYS_SEARCH_USER_PATHS = NO;
				CLANG_CXX_LANGUAGE_STANDARD = "gnu++0x";
				CLANG_CXX_LIBRARY = "libc++";
				CLANG_ENABLE_MODULES = YES;
				CLANG_ENABLE_OBJC_ARC = YES;
				CLANG_WARN_BOOL_CONVERSION = YES;
				CLANG_WARN_CONSTANT_CONVERSION = YES;
				CLANG_WARN_DIRECT_OBJC_ISA_USAGE = YES_ERROR;
				CLANG_WARN_EMPTY_BODY = YES;
				CLANG_WARN_ENUM_CONVERSION = YES;
				CLANG_WARN_INT_CONVERSION = YES;
				CLANG_WARN_OBJC_ROOT_CLASS = YES_ERROR;
				CLANG_WARN__DUPLICATE_METHOD_MATCH = YES;
				"CODE_SIGN_IDENTITY[sdk=iphoneos*]" = "iPhone Developer";
				COPY_PHASE_STRIP = YES;
				ENABLE_NS_ASSERTIONS = NO;
				GCC_C_LANGUAGE_STANDARD = gnu99;
				GCC_WARN_64_TO_32_BIT_CONVERSION = YES;
				GCC_WARN_ABOUT_RETURN_TYPE = YES_ERROR;
				GCC_WARN_UNDECLARED_SELECTOR = YES;
				GCC_WARN_UNINITIALIZED_AUTOS = YES_AGGRESSIVE;
				GCC_WARN_UNUSED_FUNCTION = YES;
				GCC_WARN_UNUSED_VARIABLE = YES;
				IPHONEOS_DEPLOYMENT_TARGET = 7.1;
				SDKROOT = iphoneos;
				VALIDATE_PRODUCT = YES;
			};
			name = Release;
		};
		42D0931F19707AF9004760BE /* Debug */ = {
			isa = XCBuildConfiguration;
			buildSettings = {
				ASSETCATALOG_COMPILER_APPICON_NAME = AppIcon;
				ASSETCATALOG_COMPILER_LAUNCHIMAGE_NAME = LaunchImage;
				GCC_PRECOMPILE_PREFIX_HEADER = YES;
				GCC_PREFIX_HEADER = "ReactiveMVVMExperiment/ReactiveMVVMExperiment-Prefix.pch";
				INFOPLIST_FILE = "ReactiveMVVMExperiment/ReactiveMVVMExperiment-Info.plist";
				PRODUCT_NAME = "$(TARGET_NAME)";
				WRAPPER_EXTENSION = app;
			};
			name = Debug;
		};
		42D0932019707AF9004760BE /* Release */ = {
			isa = XCBuildConfiguration;
			buildSettings = {
				ASSETCATALOG_COMPILER_APPICON_NAME = AppIcon;
				ASSETCATALOG_COMPILER_LAUNCHIMAGE_NAME = LaunchImage;
				GCC_PRECOMPILE_PREFIX_HEADER = YES;
				GCC_PREFIX_HEADER = "ReactiveMVVMExperiment/ReactiveMVVMExperiment-Prefix.pch";
				INFOPLIST_FILE = "ReactiveMVVMExperiment/ReactiveMVVMExperiment-Info.plist";
				PRODUCT_NAME = "$(TARGET_NAME)";
				WRAPPER_EXTENSION = app;
			};
			name = Release;
		};
		42D0932219707AF9004760BE /* Debug */ = {
			isa = XCBuildConfiguration;
			buildSettings = {
				BUNDLE_LOADER = "$(BUILT_PRODUCTS_DIR)/ReactiveMVVMExperiment.app/ReactiveMVVMExperiment";
				FRAMEWORK_SEARCH_PATHS = (
					"$(SDKROOT)/Developer/Library/Frameworks",
					"$(inherited)",
					"$(DEVELOPER_FRAMEWORKS_DIR)",
				);
				GCC_PRECOMPILE_PREFIX_HEADER = YES;
				GCC_PREFIX_HEADER = "ReactiveMVVMExperiment/ReactiveMVVMExperiment-Prefix.pch";
				GCC_PREPROCESSOR_DEFINITIONS = (
					"DEBUG=1",
					"$(inherited)",
				);
				INFOPLIST_FILE = "ReactiveMVVMExperimentTests/ReactiveMVVMExperimentTests-Info.plist";
				PRODUCT_NAME = "$(TARGET_NAME)";
				TEST_HOST = "$(BUNDLE_LOADER)";
				WRAPPER_EXTENSION = xctest;
			};
			name = Debug;
		};
		42D0932319707AF9004760BE /* Release */ = {
			isa = XCBuildConfiguration;
			buildSettings = {
				BUNDLE_LOADER = "$(BUILT_PRODUCTS_DIR)/ReactiveMVVMExperiment.app/ReactiveMVVMExperiment";
				FRAMEWORK_SEARCH_PATHS = (
					"$(SDKROOT)/Developer/Library/Frameworks",
					"$(inherited)",
					"$(DEVELOPER_FRAMEWORKS_DIR)",
				);
				GCC_PRECOMPILE_PREFIX_HEADER = YES;
				GCC_PREFIX_HEADER = "ReactiveMVVMExperiment/ReactiveMVVMExperiment-Prefix.pch";
				INFOPLIST_FILE = "ReactiveMVVMExperimentTests/ReactiveMVVMExperimentTests-Info.plist";
				PRODUCT_NAME = "$(TARGET_NAME)";
				TEST_HOST = "$(BUNDLE_LOADER)";
				WRAPPER_EXTENSION = xctest;
			};
			name = Release;
		};
/* End XCBuildConfiguration section */

/* Begin XCConfigurationList section */
		42D092E419707AF9004760BE /* Build configuration list for PBXProject "ReactiveMVVMExperiment" */ = {
			isa = XCConfigurationList;
			buildConfigurations = (
				42D0931C19707AF9004760BE /* Debug */,
				42D0931D19707AF9004760BE /* Release */,
			);
			defaultConfigurationIsVisible = 0;
			defaultConfigurationName = Release;
		};
		42D0931E19707AF9004760BE /* Build configuration list for PBXNativeTarget "ReactiveMVVMExperiment" */ = {
			isa = XCConfigurationList;
			buildConfigurations = (
				42D0931F19707AF9004760BE /* Debug */,
				42D0932019707AF9004760BE /* Release */,
			);
			defaultConfigurationIsVisible = 0;
		};
		42D0932119707AF9004760BE /* Build configuration list for PBXNativeTarget "ReactiveMVVMExperimentTests" */ = {
			isa = XCConfigurationList;
			buildConfigurations = (
				42D0932219707AF9004760BE /* Debug */,
				42D0932319707AF9004760BE /* Release */,
			);
			defaultConfigurationIsVisible = 0;
		};
/* End XCConfigurationList section */
	};
	rootObject = 42D092E119707AF9004760BE /* Project object */;
}
